// !$*UTF8*$!
{
	archiveVersion = 1;
	classes = {
	};
	objectVersion = 50;
	objects = {

/* Begin PBXBuildFile section */
		768503C0258C853900D71A5A /* SFSymbols.swift in Sources */ = {isa = PBXBuildFile; fileRef = 768503BF258C853800D71A5A /* SFSymbols.swift */; };
		768503C4258DE59500D71A5A /* ViewOrderButton.swift in Sources */ = {isa = PBXBuildFile; fileRef = 768503C3258DE59500D71A5A /* ViewOrderButton.swift */; };
		768503C8259718CA00D71A5A /* OnboardingView.swift in Sources */ = {isa = PBXBuildFile; fileRef = 768503C7259718BA00D71A5A /* OnboardingView.swift */; };
		7691E16D2589D47F0083B307 /* Date+Ext.swift in Sources */ = {isa = PBXBuildFile; fileRef = 7691E16C2589D47F0083B307 /* Date+Ext.swift */; };
		7691E1742589EEBA0083B307 /* ClearButton.swift in Sources */ = {isa = PBXBuildFile; fileRef = 7691E1732589EEBA0083B307 /* ClearButton.swift */; };
		7691E1792589F1010083B307 /* AppetizerTextField.swift in Sources */ = {isa = PBXBuildFile; fileRef = 7691E1782589F1010083B307 /* AppetizerTextField.swift */; };
		76AC8973259B1A1200C12D72 /* OnboardingViewModel.swift in Sources */ = {isa = PBXBuildFile; fileRef = 76AC8972259B1A1200C12D72 /* OnboardingViewModel.swift */; };
		76AC8977259BFDEC00C12D72 /* ShimmerText.swift in Sources */ = {isa = PBXBuildFile; fileRef = 76AC8976259BFDEC00C12D72 /* ShimmerText.swift */; };
		76FC325525833E120032B2D2 /* AppetizersApp.swift in Sources */ = {isa = PBXBuildFile; fileRef = 76FC325425833E120032B2D2 /* AppetizersApp.swift */; };
		76FC325725833E120032B2D2 /* AppetizerTabView.swift in Sources */ = {isa = PBXBuildFile; fileRef = 76FC325625833E120032B2D2 /* AppetizerTabView.swift */; };
		76FC325925833E160032B2D2 /* Assets.xcassets in Resources */ = {isa = PBXBuildFile; fileRef = 76FC325825833E160032B2D2 /* Assets.xcassets */; };
		76FC325C25833E160032B2D2 /* Preview Assets.xcassets in Resources */ = {isa = PBXBuildFile; fileRef = 76FC325B25833E160032B2D2 /* Preview Assets.xcassets */; };
		76FC3268258347D70032B2D2 /* AppetizerListView.swift in Sources */ = {isa = PBXBuildFile; fileRef = 76FC3267258347D70032B2D2 /* AppetizerListView.swift */; };
		76FC326B258347F40032B2D2 /* AccountView.swift in Sources */ = {isa = PBXBuildFile; fileRef = 76FC326A258347F40032B2D2 /* AccountView.swift */; };
		76FC326E258348510032B2D2 /* OrderView.swift in Sources */ = {isa = PBXBuildFile; fileRef = 76FC326D258348510032B2D2 /* OrderView.swift */; };
		76FC3273258359040032B2D2 /* Appetizer.swift in Sources */ = {isa = PBXBuildFile; fileRef = 76FC3272258359040032B2D2 /* Appetizer.swift */; };
		76FC32762584585B0032B2D2 /* AppetizerListCell.swift in Sources */ = {isa = PBXBuildFile; fileRef = 76FC32752584585A0032B2D2 /* AppetizerListCell.swift */; };
		76FC327925845B1F0032B2D2 /* NetworkManager.swift in Sources */ = {isa = PBXBuildFile; fileRef = 76FC327825845B1F0032B2D2 /* NetworkManager.swift */; };
		76FC327C25845D6D0032B2D2 /* AppetizerError.swift in Sources */ = {isa = PBXBuildFile; fileRef = 76FC327B25845D6D0032B2D2 /* AppetizerError.swift */; };
		76FC327F258475900032B2D2 /* AppetizerListViewModel.swift in Sources */ = {isa = PBXBuildFile; fileRef = 76FC327E2584758F0032B2D2 /* AppetizerListViewModel.swift */; };
		76FC328325847ED00032B2D2 /* Alert.swift in Sources */ = {isa = PBXBuildFile; fileRef = 76FC328225847ED00032B2D2 /* Alert.swift */; };
		76FC328625848BA20032B2D2 /* LoadingView.swift in Sources */ = {isa = PBXBuildFile; fileRef = 76FC328525848BA20032B2D2 /* LoadingView.swift */; };
		76FC328925848D0C0032B2D2 /* Color+Ext.swift in Sources */ = {isa = PBXBuildFile; fileRef = 76FC328825848D0C0032B2D2 /* Color+Ext.swift */; };
		76FC328C25854DF80032B2D2 /* RemoteImage.swift in Sources */ = {isa = PBXBuildFile; fileRef = 76FC328B25854DF70032B2D2 /* RemoteImage.swift */; };
		76FC329E2585C3620032B2D2 /* AppetizerDetailView.swift in Sources */ = {isa = PBXBuildFile; fileRef = 76FC329D2585C3620032B2D2 /* AppetizerDetailView.swift */; };
		76FC32A12585D3B50032B2D2 /* OrderButton.swift in Sources */ = {isa = PBXBuildFile; fileRef = 76FC32A02585D3B40032B2D2 /* OrderButton.swift */; };
		76FC32A42585DABD0032B2D2 /* XDismissButton.swift in Sources */ = {isa = PBXBuildFile; fileRef = 76FC32A32585DABD0032B2D2 /* XDismissButton.swift */; };
		76FC32AB25887D4B0032B2D2 /* AccountViewModel.swift in Sources */ = {isa = PBXBuildFile; fileRef = 76FC32AA25887D470032B2D2 /* AccountViewModel.swift */; };
		76FC32AE258881310032B2D2 /* String+Ext.swift in Sources */ = {isa = PBXBuildFile; fileRef = 76FC32AD258881310032B2D2 /* String+Ext.swift */; };
		76FC32B125888D990032B2D2 /* User.swift in Sources */ = {isa = PBXBuildFile; fileRef = 76FC32B025888D990032B2D2 /* User.swift */; };
		76FC32B525894EEB0032B2D2 /* EmptyOrderState.swift in Sources */ = {isa = PBXBuildFile; fileRef = 76FC32B425894EE30032B2D2 /* EmptyOrderState.swift */; };
		76FC32BA258954B10032B2D2 /* Order.swift in Sources */ = {isa = PBXBuildFile; fileRef = 76FC32B9258954B10032B2D2 /* Order.swift */; };
/* End PBXBuildFile section */

/* Begin PBXFileReference section */
		768503BF258C853800D71A5A /* SFSymbols.swift */ = {isa = PBXFileReference; lastKnownFileType = sourcecode.swift; path = SFSymbols.swift; sourceTree = "<group>"; };
		768503C3258DE59500D71A5A /* ViewOrderButton.swift */ = {isa = PBXFileReference; lastKnownFileType = sourcecode.swift; path = ViewOrderButton.swift; sourceTree = "<group>"; };
		768503C7259718BA00D71A5A /* OnboardingView.swift */ = {isa = PBXFileReference; lastKnownFileType = sourcecode.swift; path = OnboardingView.swift; sourceTree = "<group>"; };
		7691E16C2589D47F0083B307 /* Date+Ext.swift */ = {isa = PBXFileReference; lastKnownFileType = sourcecode.swift; path = "Date+Ext.swift"; sourceTree = "<group>"; };
		7691E1732589EEBA0083B307 /* ClearButton.swift */ = {isa = PBXFileReference; lastKnownFileType = sourcecode.swift; path = ClearButton.swift; sourceTree = "<group>"; };
		7691E1782589F1010083B307 /* AppetizerTextField.swift */ = {isa = PBXFileReference; lastKnownFileType = sourcecode.swift; path = AppetizerTextField.swift; sourceTree = "<group>"; };
		76AC8972259B1A1200C12D72 /* OnboardingViewModel.swift */ = {isa = PBXFileReference; lastKnownFileType = sourcecode.swift; path = OnboardingViewModel.swift; sourceTree = "<group>"; };
		76AC8976259BFDEC00C12D72 /* ShimmerText.swift */ = {isa = PBXFileReference; lastKnownFileType = sourcecode.swift; path = ShimmerText.swift; sourceTree = "<group>"; };
		76FC325125833E120032B2D2 /* Appetizers.app */ = {isa = PBXFileReference; explicitFileType = wrapper.application; includeInIndex = 0; path = Appetizers.app; sourceTree = BUILT_PRODUCTS_DIR; };
		76FC325425833E120032B2D2 /* AppetizersApp.swift */ = {isa = PBXFileReference; lastKnownFileType = sourcecode.swift; path = AppetizersApp.swift; sourceTree = "<group>"; };
		76FC325625833E120032B2D2 /* AppetizerTabView.swift */ = {isa = PBXFileReference; lastKnownFileType = sourcecode.swift; path = AppetizerTabView.swift; sourceTree = "<group>"; };
		76FC325825833E160032B2D2 /* Assets.xcassets */ = {isa = PBXFileReference; lastKnownFileType = folder.assetcatalog; path = Assets.xcassets; sourceTree = "<group>"; };
		76FC325B25833E160032B2D2 /* Preview Assets.xcassets */ = {isa = PBXFileReference; lastKnownFileType = folder.assetcatalog; path = "Preview Assets.xcassets"; sourceTree = "<group>"; };
		76FC325D25833E160032B2D2 /* Info.plist */ = {isa = PBXFileReference; lastKnownFileType = text.plist.xml; path = Info.plist; sourceTree = "<group>"; };
		76FC3267258347D70032B2D2 /* AppetizerListView.swift */ = {isa = PBXFileReference; lastKnownFileType = sourcecode.swift; path = AppetizerListView.swift; sourceTree = "<group>"; };
		76FC326A258347F40032B2D2 /* AccountView.swift */ = {isa = PBXFileReference; lastKnownFileType = sourcecode.swift; path = AccountView.swift; sourceTree = "<group>"; };
		76FC326D258348510032B2D2 /* OrderView.swift */ = {isa = PBXFileReference; lastKnownFileType = sourcecode.swift; path = OrderView.swift; sourceTree = "<group>"; };
		76FC3272258359040032B2D2 /* Appetizer.swift */ = {isa = PBXFileReference; lastKnownFileType = sourcecode.swift; path = Appetizer.swift; sourceTree = "<group>"; };
		76FC32752584585A0032B2D2 /* AppetizerListCell.swift */ = {isa = PBXFileReference; lastKnownFileType = sourcecode.swift; path = AppetizerListCell.swift; sourceTree = "<group>"; };
		76FC327825845B1F0032B2D2 /* NetworkManager.swift */ = {isa = PBXFileReference; lastKnownFileType = sourcecode.swift; path = NetworkManager.swift; sourceTree = "<group>"; };
		76FC327B25845D6D0032B2D2 /* AppetizerError.swift */ = {isa = PBXFileReference; lastKnownFileType = sourcecode.swift; path = AppetizerError.swift; sourceTree = "<group>"; };
		76FC327E2584758F0032B2D2 /* AppetizerListViewModel.swift */ = {isa = PBXFileReference; lastKnownFileType = sourcecode.swift; path = AppetizerListViewModel.swift; sourceTree = "<group>"; };
		76FC328225847ED00032B2D2 /* Alert.swift */ = {isa = PBXFileReference; lastKnownFileType = sourcecode.swift; path = Alert.swift; sourceTree = "<group>"; };
		76FC328525848BA20032B2D2 /* LoadingView.swift */ = {isa = PBXFileReference; lastKnownFileType = sourcecode.swift; path = LoadingView.swift; sourceTree = "<group>"; };
		76FC328825848D0C0032B2D2 /* Color+Ext.swift */ = {isa = PBXFileReference; lastKnownFileType = sourcecode.swift; path = "Color+Ext.swift"; sourceTree = "<group>"; };
		76FC328B25854DF70032B2D2 /* RemoteImage.swift */ = {isa = PBXFileReference; lastKnownFileType = sourcecode.swift; path = RemoteImage.swift; sourceTree = "<group>"; };
		76FC329D2585C3620032B2D2 /* AppetizerDetailView.swift */ = {isa = PBXFileReference; lastKnownFileType = sourcecode.swift; path = AppetizerDetailView.swift; sourceTree = "<group>"; };
		76FC32A02585D3B40032B2D2 /* OrderButton.swift */ = {isa = PBXFileReference; lastKnownFileType = sourcecode.swift; path = OrderButton.swift; sourceTree = "<group>"; };
		76FC32A32585DABD0032B2D2 /* XDismissButton.swift */ = {isa = PBXFileReference; lastKnownFileType = sourcecode.swift; path = XDismissButton.swift; sourceTree = "<group>"; };
		76FC32AA25887D470032B2D2 /* AccountViewModel.swift */ = {isa = PBXFileReference; lastKnownFileType = sourcecode.swift; path = AccountViewModel.swift; sourceTree = "<group>"; };
		76FC32AD258881310032B2D2 /* String+Ext.swift */ = {isa = PBXFileReference; lastKnownFileType = sourcecode.swift; path = "String+Ext.swift"; sourceTree = "<group>"; };
		76FC32B025888D990032B2D2 /* User.swift */ = {isa = PBXFileReference; lastKnownFileType = sourcecode.swift; path = User.swift; sourceTree = "<group>"; };
		76FC32B425894EE30032B2D2 /* EmptyOrderState.swift */ = {isa = PBXFileReference; lastKnownFileType = sourcecode.swift; path = EmptyOrderState.swift; sourceTree = "<group>"; };
		76FC32B9258954B10032B2D2 /* Order.swift */ = {isa = PBXFileReference; lastKnownFileType = sourcecode.swift; path = Order.swift; sourceTree = "<group>"; };
/* End PBXFileReference section */

/* Begin PBXFrameworksBuildPhase section */
		76FC324E25833E120032B2D2 /* Frameworks */ = {
			isa = PBXFrameworksBuildPhase;
			buildActionMask = 2147483647;
			files = (
			);
			runOnlyForDeploymentPostprocessing = 0;
		};
/* End PBXFrameworksBuildPhase section */

/* Begin PBXGroup section */
		768503C62597187200D71A5A /* Onboarding */ = {
			isa = PBXGroup;
			children = (
				768503C7259718BA00D71A5A /* OnboardingView.swift */,
				76AC8972259B1A1200C12D72 /* OnboardingViewModel.swift */,
			);
			path = Onboarding;
			sourceTree = "<group>";
		};
		7691E1772589F0C60083B307 /* TextFields */ = {
			isa = PBXGroup;
			children = (
				7691E1782589F1010083B307 /* AppetizerTextField.swift */,
			);
			path = TextFields;
			sourceTree = "<group>";
		};
		76AC8975259BFDD200C12D72 /* AnimatedText */ = {
			isa = PBXGroup;
			children = (
				76AC8976259BFDEC00C12D72 /* ShimmerText.swift */,
			);
			path = AnimatedText;
			sourceTree = "<group>";
		};
		76FC324825833E110032B2D2 = {
			isa = PBXGroup;
			children = (
				76FC325325833E120032B2D2 /* Appetizers */,
				76FC325225833E120032B2D2 /* Products */,
			);
			sourceTree = "<group>";
		};
		76FC325225833E120032B2D2 /* Products */ = {
			isa = PBXGroup;
			children = (
				76FC325125833E120032B2D2 /* Appetizers.app */,
			);
			name = Products;
			sourceTree = "<group>";
		};
		76FC325325833E120032B2D2 /* Appetizers */ = {
			isa = PBXGroup;
			children = (
				76FC3297258581910032B2D2 /* Model */,
				76FC3292258580AC0032B2D2 /* Utilities */,
				76FC3298258581CF0032B2D2 /* Views */,
				76FC328E25857FAD0032B2D2 /* Screens */,
				76FC325425833E120032B2D2 /* AppetizersApp.swift */,
				76FC325825833E160032B2D2 /* Assets.xcassets */,
				76FC325D25833E160032B2D2 /* Info.plist */,
				76FC325A25833E160032B2D2 /* Preview Content */,
			);
			path = Appetizers;
			sourceTree = "<group>";
		};
		76FC325A25833E160032B2D2 /* Preview Content */ = {
			isa = PBXGroup;
			children = (
				76FC325B25833E160032B2D2 /* Preview Assets.xcassets */,
			);
			path = "Preview Content";
			sourceTree = "<group>";
		};
		76FC328E25857FAD0032B2D2 /* Screens */ = {
			isa = PBXGroup;
			children = (
				768503C62597187200D71A5A /* Onboarding */,
				76FC325625833E120032B2D2 /* AppetizerTabView.swift */,
				76FC329025857FFF0032B2D2 /* AccountView */,
				76FC328F25857FCF0032B2D2 /* AppetizerListView */,
				76FC32A82585F4AC0032B2D2 /* DetailViews */,
				76FC32912585800D0032B2D2 /* OrderView */,
			);
			path = Screens;
			sourceTree = "<group>";
		};
		76FC328F25857FCF0032B2D2 /* AppetizerListView */ = {
			isa = PBXGroup;
			children = (
				76FC3267258347D70032B2D2 /* AppetizerListView.swift */,
				76FC327E2584758F0032B2D2 /* AppetizerListViewModel.swift */,
			);
			path = AppetizerListView;
			sourceTree = "<group>";
		};
		76FC329025857FFF0032B2D2 /* AccountView */ = {
			isa = PBXGroup;
			children = (
				76FC326A258347F40032B2D2 /* AccountView.swift */,
				76FC32AA25887D470032B2D2 /* AccountViewModel.swift */,
			);
			path = AccountView;
			sourceTree = "<group>";
		};
		76FC32912585800D0032B2D2 /* OrderView */ = {
			isa = PBXGroup;
			children = (
				76FC326D258348510032B2D2 /* OrderView.swift */,
			);
			path = OrderView;
			sourceTree = "<group>";
		};
		76FC3292258580AC0032B2D2 /* Utilities */ = {
			isa = PBXGroup;
			children = (
				76FC32952585810E0032B2D2 /* Managers */,
				76FC3294258580FE0032B2D2 /* Extensions */,
				76FC3293258580E80032B2D2 /* Alerts */,
				768503BF258C853800D71A5A /* SFSymbols.swift */,
			);
			path = Utilities;
			sourceTree = "<group>";
		};
		76FC3293258580E80032B2D2 /* Alerts */ = {
			isa = PBXGroup;
			children = (
				76FC328225847ED00032B2D2 /* Alert.swift */,
				76FC327B25845D6D0032B2D2 /* AppetizerError.swift */,
			);
			path = Alerts;
			sourceTree = "<group>";
		};
		76FC3294258580FE0032B2D2 /* Extensions */ = {
			isa = PBXGroup;
			children = (
				76FC328825848D0C0032B2D2 /* Color+Ext.swift */,
				76FC32AD258881310032B2D2 /* String+Ext.swift */,
				7691E16C2589D47F0083B307 /* Date+Ext.swift */,
			);
			path = Extensions;
			sourceTree = "<group>";
		};
		76FC32952585810E0032B2D2 /* Managers */ = {
			isa = PBXGroup;
			children = (
				76FC327825845B1F0032B2D2 /* NetworkManager.swift */,
			);
			path = Managers;
			sourceTree = "<group>";
		};
		76FC3297258581910032B2D2 /* Model */ = {
			isa = PBXGroup;
			children = (
				76FC3272258359040032B2D2 /* Appetizer.swift */,
				76FC32B025888D990032B2D2 /* User.swift */,
				76FC32B9258954B10032B2D2 /* Order.swift */,
			);
			path = Model;
			sourceTree = "<group>";
		};
		76FC3298258581CF0032B2D2 /* Views */ = {
			isa = PBXGroup;
			children = (
				76AC8975259BFDD200C12D72 /* AnimatedText */,
				76FC32A72585F4620032B2D2 /* Buttons */,
				76FC329A258582040032B2D2 /* Cells */,
				76FC32B325894EB00032B2D2 /* Empty States */,
				76FC329B258582230032B2D2 /* Image */,
				7691E1772589F0C60083B307 /* TextFields */,
				76FC3299258581E30032B2D2 /* UIKit Components */,
			);
			path = Views;
			sourceTree = "<group>";
		};
		76FC3299258581E30032B2D2 /* UIKit Components */ = {
			isa = PBXGroup;
			children = (
				76FC328525848BA20032B2D2 /* LoadingView.swift */,
			);
			path = "UIKit Components";
			sourceTree = "<group>";
		};
		76FC329A258582040032B2D2 /* Cells */ = {
			isa = PBXGroup;
			children = (
				76FC32752584585A0032B2D2 /* AppetizerListCell.swift */,
			);
			path = Cells;
			sourceTree = "<group>";
		};
		76FC329B258582230032B2D2 /* Image */ = {
			isa = PBXGroup;
			children = (
				76FC328B25854DF70032B2D2 /* RemoteImage.swift */,
			);
			path = Image;
			sourceTree = "<group>";
		};
		76FC32A72585F4620032B2D2 /* Buttons */ = {
			isa = PBXGroup;
			children = (
				7691E1732589EEBA0083B307 /* ClearButton.swift */,
				76FC32A02585D3B40032B2D2 /* OrderButton.swift */,
				76FC32A32585DABD0032B2D2 /* XDismissButton.swift */,
				768503C3258DE59500D71A5A /* ViewOrderButton.swift */,
			);
			path = Buttons;
			sourceTree = "<group>";
		};
		76FC32A82585F4AC0032B2D2 /* DetailViews */ = {
			isa = PBXGroup;
			children = (
				76FC329D2585C3620032B2D2 /* AppetizerDetailView.swift */,
			);
			path = DetailViews;
			sourceTree = "<group>";
		};
		76FC32B325894EB00032B2D2 /* Empty States */ = {
			isa = PBXGroup;
			children = (
				76FC32B425894EE30032B2D2 /* EmptyOrderState.swift */,
			);
			path = "Empty States";
			sourceTree = "<group>";
		};
/* End PBXGroup section */

/* Begin PBXNativeTarget section */
		76FC325025833E120032B2D2 /* Appetizers */ = {
			isa = PBXNativeTarget;
			buildConfigurationList = 76FC326025833E160032B2D2 /* Build configuration list for PBXNativeTarget "Appetizers" */;
			buildPhases = (
				76FC324D25833E120032B2D2 /* Sources */,
				76FC324E25833E120032B2D2 /* Frameworks */,
				76FC324F25833E120032B2D2 /* Resources */,
			);
			buildRules = (
			);
			dependencies = (
			);
			name = Appetizers;
			productName = Appetizers;
			productReference = 76FC325125833E120032B2D2 /* Appetizers.app */;
			productType = "com.apple.product-type.application";
		};
/* End PBXNativeTarget section */

/* Begin PBXProject section */
		76FC324925833E110032B2D2 /* Project object */ = {
			isa = PBXProject;
			attributes = {
				LastSwiftUpdateCheck = 1210;
				LastUpgradeCheck = 1210;
				TargetAttributes = {
					76FC325025833E120032B2D2 = {
						CreatedOnToolsVersion = 12.1;
					};
				};
			};
			buildConfigurationList = 76FC324C25833E110032B2D2 /* Build configuration list for PBXProject "Appetizers" */;
			compatibilityVersion = "Xcode 9.3";
			developmentRegion = en;
			hasScannedForEncodings = 0;
			knownRegions = (
				en,
				Base,
			);
			mainGroup = 76FC324825833E110032B2D2;
			productRefGroup = 76FC325225833E120032B2D2 /* Products */;
			projectDirPath = "";
			projectRoot = "";
			targets = (
				76FC325025833E120032B2D2 /* Appetizers */,
			);
		};
/* End PBXProject section */

/* Begin PBXResourcesBuildPhase section */
		76FC324F25833E120032B2D2 /* Resources */ = {
			isa = PBXResourcesBuildPhase;
			buildActionMask = 2147483647;
			files = (
				76FC325C25833E160032B2D2 /* Preview Assets.xcassets in Resources */,
				76FC325925833E160032B2D2 /* Assets.xcassets in Resources */,
			);
			runOnlyForDeploymentPostprocessing = 0;
		};
/* End PBXResourcesBuildPhase section */

/* Begin PBXSourcesBuildPhase section */
		76FC324D25833E120032B2D2 /* Sources */ = {
			isa = PBXSourcesBuildPhase;
			buildActionMask = 2147483647;
			files = (
				76FC32B525894EEB0032B2D2 /* EmptyOrderState.swift in Sources */,
				76FC3273258359040032B2D2 /* Appetizer.swift in Sources */,
				76FC32762584585B0032B2D2 /* AppetizerListCell.swift in Sources */,
				76FC32A42585DABD0032B2D2 /* XDismissButton.swift in Sources */,
				7691E16D2589D47F0083B307 /* Date+Ext.swift in Sources */,
				76FC32BA258954B10032B2D2 /* Order.swift in Sources */,
				76FC326B258347F40032B2D2 /* AccountView.swift in Sources */,
				7691E1742589EEBA0083B307 /* ClearButton.swift in Sources */,
				76FC32AB25887D4B0032B2D2 /* AccountViewModel.swift in Sources */,
				76FC325725833E120032B2D2 /* AppetizerTabView.swift in Sources */,
				76FC32A12585D3B50032B2D2 /* OrderButton.swift in Sources */,
				76FC328925848D0C0032B2D2 /* Color+Ext.swift in Sources */,
				76FC32B125888D990032B2D2 /* User.swift in Sources */,
				768503C8259718CA00D71A5A /* OnboardingView.swift in Sources */,
				76AC8977259BFDEC00C12D72 /* ShimmerText.swift in Sources */,
				76FC327925845B1F0032B2D2 /* NetworkManager.swift in Sources */,
				768503C4258DE59500D71A5A /* ViewOrderButton.swift in Sources */,
				76AC8973259B1A1200C12D72 /* OnboardingViewModel.swift in Sources */,
				76FC328625848BA20032B2D2 /* LoadingView.swift in Sources */,
				76FC325525833E120032B2D2 /* AppetizersApp.swift in Sources */,
				76FC327C25845D6D0032B2D2 /* AppetizerError.swift in Sources */,
				76FC328C25854DF80032B2D2 /* RemoteImage.swift in Sources */,
				76FC32AE258881310032B2D2 /* String+Ext.swift in Sources */,
				768503C0258C853900D71A5A /* SFSymbols.swift in Sources */,
				76FC329E2585C3620032B2D2 /* AppetizerDetailView.swift in Sources */,
				76FC327F258475900032B2D2 /* AppetizerListViewModel.swift in Sources */,
				76FC328325847ED00032B2D2 /* Alert.swift in Sources */,
				76FC3268258347D70032B2D2 /* AppetizerListView.swift in Sources */,
				76FC326E258348510032B2D2 /* OrderView.swift in Sources */,
				7691E1792589F1010083B307 /* AppetizerTextField.swift in Sources */,
			);
			runOnlyForDeploymentPostprocessing = 0;
		};
/* End PBXSourcesBuildPhase section */

/* Begin XCBuildConfiguration section */
		76FC325E25833E160032B2D2 /* Debug */ = {
			isa = XCBuildConfiguration;
			buildSettings = {
				ALWAYS_SEARCH_USER_PATHS = NO;
				CLANG_ANALYZER_NONNULL = YES;
				CLANG_ANALYZER_NUMBER_OBJECT_CONVERSION = YES_AGGRESSIVE;
				CLANG_CXX_LANGUAGE_STANDARD = "gnu++14";
				CLANG_CXX_LIBRARY = "libc++";
				CLANG_ENABLE_MODULES = YES;
				CLANG_ENABLE_OBJC_ARC = YES;
				CLANG_ENABLE_OBJC_WEAK = YES;
				CLANG_WARN_BLOCK_CAPTURE_AUTORELEASING = YES;
				CLANG_WARN_BOOL_CONVERSION = YES;
				CLANG_WARN_COMMA = YES;
				CLANG_WARN_CONSTANT_CONVERSION = YES;
				CLANG_WARN_DEPRECATED_OBJC_IMPLEMENTATIONS = YES;
				CLANG_WARN_DIRECT_OBJC_ISA_USAGE = YES_ERROR;
				CLANG_WARN_DOCUMENTATION_COMMENTS = YES;
				CLANG_WARN_EMPTY_BODY = YES;
				CLANG_WARN_ENUM_CONVERSION = YES;
				CLANG_WARN_INFINITE_RECURSION = YES;
				CLANG_WARN_INT_CONVERSION = YES;
				CLANG_WARN_NON_LITERAL_NULL_CONVERSION = YES;
				CLANG_WARN_OBJC_IMPLICIT_RETAIN_SELF = YES;
				CLANG_WARN_OBJC_LITERAL_CONVERSION = YES;
				CLANG_WARN_OBJC_ROOT_CLASS = YES_ERROR;
				CLANG_WARN_QUOTED_INCLUDE_IN_FRAMEWORK_HEADER = YES;
				CLANG_WARN_RANGE_LOOP_ANALYSIS = YES;
				CLANG_WARN_STRICT_PROTOTYPES = YES;
				CLANG_WARN_SUSPICIOUS_MOVE = YES;
				CLANG_WARN_UNGUARDED_AVAILABILITY = YES_AGGRESSIVE;
				CLANG_WARN_UNREACHABLE_CODE = YES;
				CLANG_WARN__DUPLICATE_METHOD_MATCH = YES;
				COPY_PHASE_STRIP = NO;
				DEBUG_INFORMATION_FORMAT = dwarf;
				ENABLE_STRICT_OBJC_MSGSEND = YES;
				ENABLE_TESTABILITY = YES;
				GCC_C_LANGUAGE_STANDARD = gnu11;
				GCC_DYNAMIC_NO_PIC = NO;
				GCC_NO_COMMON_BLOCKS = YES;
				GCC_OPTIMIZATION_LEVEL = 0;
				GCC_PREPROCESSOR_DEFINITIONS = (
					"DEBUG=1",
					"$(inherited)",
				);
				GCC_WARN_64_TO_32_BIT_CONVERSION = YES;
				GCC_WARN_ABOUT_RETURN_TYPE = YES_ERROR;
				GCC_WARN_UNDECLARED_SELECTOR = YES;
				GCC_WARN_UNINITIALIZED_AUTOS = YES_AGGRESSIVE;
				GCC_WARN_UNUSED_FUNCTION = YES;
				GCC_WARN_UNUSED_VARIABLE = YES;
				IPHONEOS_DEPLOYMENT_TARGET = 14.1;
				MTL_ENABLE_DEBUG_INFO = INCLUDE_SOURCE;
				MTL_FAST_MATH = YES;
				ONLY_ACTIVE_ARCH = YES;
				SDKROOT = iphoneos;
				SWIFT_ACTIVE_COMPILATION_CONDITIONS = DEBUG;
				SWIFT_OPTIMIZATION_LEVEL = "-Onone";
			};
			name = Debug;
		};
		76FC325F25833E160032B2D2 /* Release */ = {
			isa = XCBuildConfiguration;
			buildSettings = {
				ALWAYS_SEARCH_USER_PATHS = NO;
				CLANG_ANALYZER_NONNULL = YES;
				CLANG_ANALYZER_NUMBER_OBJECT_CONVERSION = YES_AGGRESSIVE;
				CLANG_CXX_LANGUAGE_STANDARD = "gnu++14";
				CLANG_CXX_LIBRARY = "libc++";
				CLANG_ENABLE_MODULES = YES;
				CLANG_ENABLE_OBJC_ARC = YES;
				CLANG_ENABLE_OBJC_WEAK = YES;
				CLANG_WARN_BLOCK_CAPTURE_AUTORELEASING = YES;
				CLANG_WARN_BOOL_CONVERSION = YES;
				CLANG_WARN_COMMA = YES;
				CLANG_WARN_CONSTANT_CONVERSION = YES;
				CLANG_WARN_DEPRECATED_OBJC_IMPLEMENTATIONS = YES;
				CLANG_WARN_DIRECT_OBJC_ISA_USAGE = YES_ERROR;
				CLANG_WARN_DOCUMENTATION_COMMENTS = YES;
				CLANG_WARN_EMPTY_BODY = YES;
				CLANG_WARN_ENUM_CONVERSION = YES;
				CLANG_WARN_INFINITE_RECURSION = YES;
				CLANG_WARN_INT_CONVERSION = YES;
				CLANG_WARN_NON_LITERAL_NULL_CONVERSION = YES;
				CLANG_WARN_OBJC_IMPLICIT_RETAIN_SELF = YES;
				CLANG_WARN_OBJC_LITERAL_CONVERSION = YES;
				CLANG_WARN_OBJC_ROOT_CLASS = YES_ERROR;
				CLANG_WARN_QUOTED_INCLUDE_IN_FRAMEWORK_HEADER = YES;
				CLANG_WARN_RANGE_LOOP_ANALYSIS = YES;
				CLANG_WARN_STRICT_PROTOTYPES = YES;
				CLANG_WARN_SUSPICIOUS_MOVE = YES;
				CLANG_WARN_UNGUARDED_AVAILABILITY = YES_AGGRESSIVE;
				CLANG_WARN_UNREACHABLE_CODE = YES;
				CLANG_WARN__DUPLICATE_METHOD_MATCH = YES;
				COPY_PHASE_STRIP = NO;
				DEBUG_INFORMATION_FORMAT = "dwarf-with-dsym";
				ENABLE_NS_ASSERTIONS = NO;
				ENABLE_STRICT_OBJC_MSGSEND = YES;
				GCC_C_LANGUAGE_STANDARD = gnu11;
				GCC_NO_COMMON_BLOCKS = YES;
				GCC_WARN_64_TO_32_BIT_CONVERSION = YES;
				GCC_WARN_ABOUT_RETURN_TYPE = YES_ERROR;
				GCC_WARN_UNDECLARED_SELECTOR = YES;
				GCC_WARN_UNINITIALIZED_AUTOS = YES_AGGRESSIVE;
				GCC_WARN_UNUSED_FUNCTION = YES;
				GCC_WARN_UNUSED_VARIABLE = YES;
				IPHONEOS_DEPLOYMENT_TARGET = 14.1;
				MTL_ENABLE_DEBUG_INFO = NO;
				MTL_FAST_MATH = YES;
				SDKROOT = iphoneos;
				SWIFT_COMPILATION_MODE = wholemodule;
				SWIFT_OPTIMIZATION_LEVEL = "-O";
				VALIDATE_PRODUCT = YES;
			};
			name = Release;
		};
		76FC326125833E160032B2D2 /* Debug */ = {
			isa = XCBuildConfiguration;
			buildSettings = {
				ASSETCATALOG_COMPILER_APPICON_NAME = AppIcon;
				ASSETCATALOG_COMPILER_GLOBAL_ACCENT_COLOR_NAME = AccentColor;
				CODE_SIGN_STYLE = Automatic;
				DEVELOPMENT_ASSET_PATHS = "\"Appetizers/Preview Content\"";
				DEVELOPMENT_TEAM = 4K8QHXRYT6;
				ENABLE_PREVIEWS = YES;
				INFOPLIST_FILE = Appetizers/Info.plist;
				IPHONEOS_DEPLOYMENT_TARGET = 14.0;
				LD_RUNPATH_SEARCH_PATHS = (
					"$(inherited)",
					"@executable_path/Frameworks",
				);
				PRODUCT_BUNDLE_IDENTIFIER = co.espinoza.Appetizers;
				PRODUCT_NAME = "$(TARGET_NAME)";
				SWIFT_VERSION = 5.0;
				TARGETED_DEVICE_FAMILY = "1,2";
			};
			name = Debug;
		};
		76FC326225833E160032B2D2 /* Release */ = {
			isa = XCBuildConfiguration;
			buildSettings = {
				ASSETCATALOG_COMPILER_APPICON_NAME = AppIcon;
				ASSETCATALOG_COMPILER_GLOBAL_ACCENT_COLOR_NAME = AccentColor;
				CODE_SIGN_STYLE = Automatic;
				DEVELOPMENT_ASSET_PATHS = "\"Appetizers/Preview Content\"";
				DEVELOPMENT_TEAM = 4K8QHXRYT6;
				ENABLE_PREVIEWS = YES;
				INFOPLIST_FILE = Appetizers/Info.plist;
				IPHONEOS_DEPLOYMENT_TARGET = 14.0;
				LD_RUNPATH_SEARCH_PATHS = (
					"$(inherited)",
					"@executable_path/Frameworks",
				);
				PRODUCT_BUNDLE_IDENTIFIER = co.espinoza.Appetizers;
				PRODUCT_NAME = "$(TARGET_NAME)";
				SWIFT_VERSION = 5.0;
				TARGETED_DEVICE_FAMILY = "1,2";
			};
			name = Release;
		};
/* End XCBuildConfiguration section */

/* Begin XCConfigurationList section */
		76FC324C25833E110032B2D2 /* Build configuration list for PBXProject "Appetizers" */ = {
			isa = XCConfigurationList;
			buildConfigurations = (
				76FC325E25833E160032B2D2 /* Debug */,
				76FC325F25833E160032B2D2 /* Release */,
			);
			defaultConfigurationIsVisible = 0;
			defaultConfigurationName = Release;
		};
		76FC326025833E160032B2D2 /* Build configuration list for PBXNativeTarget "Appetizers" */ = {
			isa = XCConfigurationList;
			buildConfigurations = (
				76FC326125833E160032B2D2 /* Debug */,
				76FC326225833E160032B2D2 /* Release */,
			);
			defaultConfigurationIsVisible = 0;
			defaultConfigurationName = Release;
		};
/* End XCConfigurationList section */
	};
	rootObject = 76FC324925833E110032B2D2 /* Project object */;
}
